github.com/pkg/errors v0.8.1 h1:iURUrRGxPUNPdy5/HRSm+Yj6okJ6UtLINN0Q9M4+h3I=
github.com/pkg/errors v0.8.1/go.mod h1:bwawxfHBFNV+L2hUp1rHADufV3IMtnDRdf1r5NINEl0=
github.com/pkg/errors v0.9.1 h1:FEBLx1zS214owpjy7qsBeixbURkuhQAwrK5UwLGTwt4=
github.com/pkg/errors v0.9.1/go.mod h1:bwawxfHBFNV+L2hUp1rHADufV3IMtnDRdf1r5NINEl0=
gopkg.in/tucnak/telebot.v2 v2.0.0-20200301001213-9852df39ae6c h1:+7l/yyky9hchNME0hDMl+cA+wVlHQGte/5EwKHeSqoc=
gopkg.in/tucnak/telebot.v2 v2.0.0-20200301001213-9852df39ae6c/go.mod h1:+//wyPtHTeW2kfyEBwB05Hqnxev7AGrsLIyylSH++KU=
